// !$*UTF8*$!
{
	archiveVersion = 1;
	classes = {
	};
	objectVersion = 46;
	objects = {

/* Begin PBXBuildFile section */
		4386CFE3E64DF7E41F71B77F /* Pods_galderma2017.framework in Frameworks */ = {isa = PBXBuildFile; fileRef = 2D42B72961875FD04C1D1E42 /* Pods_galderma2017.framework */; };
		562D6BAE1E47C6AA005409EA /* AppDelegate.swift in Sources */ = {isa = PBXBuildFile; fileRef = 562D6BAD1E47C6AA005409EA /* AppDelegate.swift */; };
		562D6BB31E47C6AA005409EA /* Main.storyboard in Resources */ = {isa = PBXBuildFile; fileRef = 562D6BB11E47C6AA005409EA /* Main.storyboard */; };
		562D6BB61E47C6AA005409EA /* galderma2017.xcdatamodeld in Sources */ = {isa = PBXBuildFile; fileRef = 562D6BB41E47C6AA005409EA /* galderma2017.xcdatamodeld */; };
		562D6BB81E47C6AA005409EA /* Assets.xcassets in Resources */ = {isa = PBXBuildFile; fileRef = 562D6BB71E47C6AA005409EA /* Assets.xcassets */; };
		562D6BBB1E47C6AA005409EA /* LaunchScreen.storyboard in Resources */ = {isa = PBXBuildFile; fileRef = 562D6BB91E47C6AA005409EA /* LaunchScreen.storyboard */; };
		562D6BC61E47C6AA005409EA /* galderma2017Tests.swift in Sources */ = {isa = PBXBuildFile; fileRef = 562D6BC51E47C6AA005409EA /* galderma2017Tests.swift */; };
		562D6BD11E47C6AA005409EA /* galderma2017UITests.swift in Sources */ = {isa = PBXBuildFile; fileRef = 562D6BD01E47C6AA005409EA /* galderma2017UITests.swift */; };
		562D6BDF1E47C6C6005409EA /* Podfile in Resources */ = {isa = PBXBuildFile; fileRef = 562D6BDE1E47C6C6005409EA /* Podfile */; };
		562D6BE41E47C720005409EA /* SWRevealViewController.m in Sources */ = {isa = PBXBuildFile; fileRef = 562D6BE31E47C720005409EA /* SWRevealViewController.m */; };
		562D6BE61E47D54A005409EA /* PrincipalViewController.swift in Sources */ = {isa = PBXBuildFile; fileRef = 562D6BE51E47D54A005409EA /* PrincipalViewController.swift */; };
		562D6BEE1E47E541005409EA /* Producto1ViewController.swift in Sources */ = {isa = PBXBuildFile; fileRef = 562D6BED1E47E541005409EA /* Producto1ViewController.swift */; };
		563F7AA11F8C02C700C87166 /* settingViewController.swift in Sources */ = {isa = PBXBuildFile; fileRef = 563F7AA01F8C02C700C87166 /* settingViewController.swift */; };
		563F7AA31F8C044500C87166 /* unoViewController.swift in Sources */ = {isa = PBXBuildFile; fileRef = 563F7AA21F8C044500C87166 /* unoViewController.swift */; };
		563F7AA51F8C045300C87166 /* dosViewController.swift in Sources */ = {isa = PBXBuildFile; fileRef = 563F7AA41F8C045300C87166 /* dosViewController.swift */; };
		563F7AA71F8C045D00C87166 /* tresViewController.swift in Sources */ = {isa = PBXBuildFile; fileRef = 563F7AA61F8C045D00C87166 /* tresViewController.swift */; };
		563F7AA91F8C046A00C87166 /* finalViewController.swift in Sources */ = {isa = PBXBuildFile; fileRef = 563F7AA81F8C046A00C87166 /* finalViewController.swift */; };
/* End PBXBuildFile section */

/* Begin PBXContainerItemProxy section */
		562D6BC21E47C6AA005409EA /* PBXContainerItemProxy */ = {
			isa = PBXContainerItemProxy;
			containerPortal = 562D6BA21E47C6A9005409EA /* Project object */;
			proxyType = 1;
			remoteGlobalIDString = 562D6BA91E47C6AA005409EA;
			remoteInfo = galderma2017;
		};
		562D6BCD1E47C6AA005409EA /* PBXContainerItemProxy */ = {
			isa = PBXContainerItemProxy;
			containerPortal = 562D6BA21E47C6A9005409EA /* Project object */;
			proxyType = 1;
			remoteGlobalIDString = 562D6BA91E47C6AA005409EA;
			remoteInfo = galderma2017;
		};
/* End PBXContainerItemProxy section */

/* Begin PBXFileReference section */
		2D42B72961875FD04C1D1E42 /* Pods_galderma2017.framework */ = {isa = PBXFileReference; explicitFileType = wrapper.framework; includeInIndex = 0; path = Pods_galderma2017.framework; sourceTree = BUILT_PRODUCTS_DIR; };
		562D6BAA1E47C6AA005409EA /* galderma2017.app */ = {isa = PBXFileReference; explicitFileType = wrapper.application; includeInIndex = 0; path = galderma2017.app; sourceTree = BUILT_PRODUCTS_DIR; };
		562D6BAD1E47C6AA005409EA /* AppDelegate.swift */ = {isa = PBXFileReference; lastKnownFileType = sourcecode.swift; path = AppDelegate.swift; sourceTree = "<group>"; };
		562D6BB21E47C6AA005409EA /* Base */ = {isa = PBXFileReference; lastKnownFileType = file.storyboard; name = Base; path = Base.lproj/Main.storyboard; sourceTree = "<group>"; };
		562D6BB51E47C6AA005409EA /* galderma2017.xcdatamodel */ = {isa = PBXFileReference; lastKnownFileType = wrapper.xcdatamodel; path = galderma2017.xcdatamodel; sourceTree = "<group>"; };
		562D6BB71E47C6AA005409EA /* Assets.xcassets */ = {isa = PBXFileReference; lastKnownFileType = folder.assetcatalog; path = Assets.xcassets; sourceTree = "<group>"; };
		562D6BBA1E47C6AA005409EA /* Base */ = {isa = PBXFileReference; lastKnownFileType = file.storyboard; name = Base; path = Base.lproj/LaunchScreen.storyboard; sourceTree = "<group>"; };
		562D6BBC1E47C6AA005409EA /* Info.plist */ = {isa = PBXFileReference; lastKnownFileType = text.plist.xml; path = Info.plist; sourceTree = "<group>"; };
		562D6BC11E47C6AA005409EA /* galderma2017Tests.xctest */ = {isa = PBXFileReference; explicitFileType = wrapper.cfbundle; includeInIndex = 0; path = galderma2017Tests.xctest; sourceTree = BUILT_PRODUCTS_DIR; };
		562D6BC51E47C6AA005409EA /* galderma2017Tests.swift */ = {isa = PBXFileReference; lastKnownFileType = sourcecode.swift; path = galderma2017Tests.swift; sourceTree = "<group>"; };
		562D6BC71E47C6AA005409EA /* Info.plist */ = {isa = PBXFileReference; lastKnownFileType = text.plist.xml; path = Info.plist; sourceTree = "<group>"; };
		562D6BCC1E47C6AA005409EA /* galderma2017UITests.xctest */ = {isa = PBXFileReference; explicitFileType = wrapper.cfbundle; includeInIndex = 0; path = galderma2017UITests.xctest; sourceTree = BUILT_PRODUCTS_DIR; };
		562D6BD01E47C6AA005409EA /* galderma2017UITests.swift */ = {isa = PBXFileReference; lastKnownFileType = sourcecode.swift; path = galderma2017UITests.swift; sourceTree = "<group>"; };
		562D6BD21E47C6AA005409EA /* Info.plist */ = {isa = PBXFileReference; lastKnownFileType = text.plist.xml; path = Info.plist; sourceTree = "<group>"; };
		562D6BDE1E47C6C6005409EA /* Podfile */ = {isa = PBXFileReference; fileEncoding = 4; lastKnownFileType = text; path = Podfile; sourceTree = "<group>"; xcLanguageSpecificationIdentifier = xcode.lang.ruby; };
		562D6BE11E47C720005409EA /* galderma2017-Bridging-Header.h */ = {isa = PBXFileReference; lastKnownFileType = sourcecode.c.h; path = "galderma2017-Bridging-Header.h"; sourceTree = "<group>"; };
		562D6BE21E47C720005409EA /* SWRevealViewController.h */ = {isa = PBXFileReference; fileEncoding = 4; lastKnownFileType = sourcecode.c.h; path = SWRevealViewController.h; sourceTree = "<group>"; };
		562D6BE31E47C720005409EA /* SWRevealViewController.m */ = {isa = PBXFileReference; fileEncoding = 4; lastKnownFileType = sourcecode.c.objc; path = SWRevealViewController.m; sourceTree = "<group>"; };
		562D6BE51E47D54A005409EA /* PrincipalViewController.swift */ = {isa = PBXFileReference; fileEncoding = 4; lastKnownFileType = sourcecode.swift; path = PrincipalViewController.swift; sourceTree = "<group>"; };
		562D6BED1E47E541005409EA /* Producto1ViewController.swift */ = {isa = PBXFileReference; fileEncoding = 4; lastKnownFileType = sourcecode.swift; path = Producto1ViewController.swift; sourceTree = "<group>"; };
		563F7AA01F8C02C700C87166 /* settingViewController.swift */ = {isa = PBXFileReference; fileEncoding = 4; lastKnownFileType = sourcecode.swift; path = settingViewController.swift; sourceTree = "<group>"; };
		563F7AA21F8C044500C87166 /* unoViewController.swift */ = {isa = PBXFileReference; fileEncoding = 4; lastKnownFileType = sourcecode.swift; path = unoViewController.swift; sourceTree = "<group>"; };
		563F7AA41F8C045300C87166 /* dosViewController.swift */ = {isa = PBXFileReference; fileEncoding = 4; lastKnownFileType = sourcecode.swift; path = dosViewController.swift; sourceTree = "<group>"; };
		563F7AA61F8C045D00C87166 /* tresViewController.swift */ = {isa = PBXFileReference; fileEncoding = 4; lastKnownFileType = sourcecode.swift; path = tresViewController.swift; sourceTree = "<group>"; };
		563F7AA81F8C046A00C87166 /* finalViewController.swift */ = {isa = PBXFileReference; fileEncoding = 4; lastKnownFileType = sourcecode.swift; path = finalViewController.swift; sourceTree = "<group>"; };
		564994281F903452003641BF /* libsqlite3.tbd */ = {isa = PBXFileReference; lastKnownFileType = "sourcecode.text-based-dylib-definition"; name = libsqlite3.tbd; path = usr/lib/libsqlite3.tbd; sourceTree = SDKROOT; };
		565C7A581F8ED1C700570747 /* SQLite.framework */ = {isa = PBXFileReference; explicitFileType = wrapper.framework; path = SQLite.framework; sourceTree = BUILT_PRODUCTS_DIR; };
		565C7A6D1F8EEE1A00570747 /* libsqlite3.0.tbd */ = {isa = PBXFileReference; lastKnownFileType = "sourcecode.text-based-dylib-definition"; name = libsqlite3.0.tbd; path = usr/lib/libsqlite3.0.tbd; sourceTree = SDKROOT; };
		566526DE1F8D743400750EC9 /* GRDB.framework */ = {isa = PBXFileReference; lastKnownFileType = wrapper.framework; name = GRDB.framework; path = "../../../Library/Developer/Xcode/DerivedData/galderma2017-exhxsyqtazhkrmeswwleefhoupgm/Build/Products/Debug-iphoneos/GRDB.swift/GRDB.framework"; sourceTree = "<group>"; };
		56E109341F903AE600AFECAF /* SQLite.framework */ = {isa = PBXFileReference; explicitFileType = wrapper.framework; path = SQLite.framework; sourceTree = BUILT_PRODUCTS_DIR; };
		AB5A58270266E45F79D50CD2 /* Pods-galderma2017.release.xcconfig */ = {isa = PBXFileReference; includeInIndex = 1; lastKnownFileType = text.xcconfig; name = "Pods-galderma2017.release.xcconfig"; path = "Pods/Target Support Files/Pods-galderma2017/Pods-galderma2017.release.xcconfig"; sourceTree = "<group>"; };
		B6D28BE51AB4210CA2CE1487 /* Pods-galderma2017.debug.xcconfig */ = {isa = PBXFileReference; includeInIndex = 1; lastKnownFileType = text.xcconfig; name = "Pods-galderma2017.debug.xcconfig"; path = "Pods/Target Support Files/Pods-galderma2017/Pods-galderma2017.debug.xcconfig"; sourceTree = "<group>"; };
/* End PBXFileReference section */

/* Begin PBXFrameworksBuildPhase section */
		562D6BA71E47C6AA005409EA /* Frameworks */ = {
			isa = PBXFrameworksBuildPhase;
			buildActionMask = 2147483647;
			files = (
				4386CFE3E64DF7E41F71B77F /* Pods_galderma2017.framework in Frameworks */,
			);
			runOnlyForDeploymentPostprocessing = 0;
		};
		562D6BBE1E47C6AA005409EA /* Frameworks */ = {
			isa = PBXFrameworksBuildPhase;
			buildActionMask = 2147483647;
			files = (
			);
			runOnlyForDeploymentPostprocessing = 0;
		};
		562D6BC91E47C6AA005409EA /* Frameworks */ = {
			isa = PBXFrameworksBuildPhase;
			buildActionMask = 2147483647;
			files = (
			);
			runOnlyForDeploymentPostprocessing = 0;
		};
/* End PBXFrameworksBuildPhase section */

/* Begin PBXGroup section */
		042C265576EB44E7CD606BA3 /* Frameworks */ = {
			isa = PBXGroup;
			children = (
				56E109341F903AE600AFECAF /* SQLite.framework */,
				564994281F903452003641BF /* libsqlite3.tbd */,
				565C7A6D1F8EEE1A00570747 /* libsqlite3.0.tbd */,
				565C7A581F8ED1C700570747 /* SQLite.framework */,
				566526DE1F8D743400750EC9 /* GRDB.framework */,
				2D42B72961875FD04C1D1E42 /* Pods_galderma2017.framework */,
			);
			name = Frameworks;
			sourceTree = "<group>";
		};
		21E0520017982A31912947B7 /* Pods */ = {
			isa = PBXGroup;
			children = (
				B6D28BE51AB4210CA2CE1487 /* Pods-galderma2017.debug.xcconfig */,
				AB5A58270266E45F79D50CD2 /* Pods-galderma2017.release.xcconfig */,
			);
			name = Pods;
			sourceTree = "<group>";
		};
		562D6BA11E47C6A9005409EA = {
			isa = PBXGroup;
			children = (
				562D6BDE1E47C6C6005409EA /* Podfile */,
				562D6BAC1E47C6AA005409EA /* galderma2017 */,
				562D6BC41E47C6AA005409EA /* galderma2017Tests */,
				562D6BCF1E47C6AA005409EA /* galderma2017UITests */,
				562D6BAB1E47C6AA005409EA /* Products */,
				042C265576EB44E7CD606BA3 /* Frameworks */,
				21E0520017982A31912947B7 /* Pods */,
			);
			sourceTree = "<group>";
		};
		562D6BAB1E47C6AA005409EA /* Products */ = {
			isa = PBXGroup;
			children = (
				562D6BAA1E47C6AA005409EA /* galderma2017.app */,
				562D6BC11E47C6AA005409EA /* galderma2017Tests.xctest */,
				562D6BCC1E47C6AA005409EA /* galderma2017UITests.xctest */,
			);
			name = Products;
			sourceTree = "<group>";
		};
		562D6BAC1E47C6AA005409EA /* galderma2017 */ = {
			isa = PBXGroup;
			children = (
				562D6BE81E47D576005409EA /* Producto1 */,
				562D6BE71E47D560005409EA /* Home */,
				562D6BE01E47C6FE005409EA /* SWRevealViewController */,
				562D6BAD1E47C6AA005409EA /* AppDelegate.swift */,
				562D6BB11E47C6AA005409EA /* Main.storyboard */,
				562D6BB71E47C6AA005409EA /* Assets.xcassets */,
				562D6BB91E47C6AA005409EA /* LaunchScreen.storyboard */,
				562D6BBC1E47C6AA005409EA /* Info.plist */,
				562D6BB41E47C6AA005409EA /* galderma2017.xcdatamodeld */,
			);
			path = galderma2017;
			sourceTree = "<group>";
		};
		562D6BC41E47C6AA005409EA /* galderma2017Tests */ = {
			isa = PBXGroup;
			children = (
				562D6BC51E47C6AA005409EA /* galderma2017Tests.swift */,
				562D6BC71E47C6AA005409EA /* Info.plist */,
			);
			path = galderma2017Tests;
			sourceTree = "<group>";
		};
		562D6BCF1E47C6AA005409EA /* galderma2017UITests */ = {
			isa = PBXGroup;
			children = (
				562D6BD01E47C6AA005409EA /* galderma2017UITests.swift */,
				562D6BD21E47C6AA005409EA /* Info.plist */,
			);
			path = galderma2017UITests;
			sourceTree = "<group>";
		};
		562D6BE01E47C6FE005409EA /* SWRevealViewController */ = {
			isa = PBXGroup;
			children = (
				562D6BE21E47C720005409EA /* SWRevealViewController.h */,
				562D6BE31E47C720005409EA /* SWRevealViewController.m */,
				562D6BE11E47C720005409EA /* galderma2017-Bridging-Header.h */,
			);
			name = SWRevealViewController;
			sourceTree = "<group>";
		};
		562D6BE71E47D560005409EA /* Home */ = {
			isa = PBXGroup;
			children = (
				562D6BE51E47D54A005409EA /* PrincipalViewController.swift */,
				563F7AA21F8C044500C87166 /* unoViewController.swift */,
				563F7AA41F8C045300C87166 /* dosViewController.swift */,
				563F7AA61F8C045D00C87166 /* tresViewController.swift */,
				563F7AA81F8C046A00C87166 /* finalViewController.swift */,
			);
			name = Home;
			sourceTree = "<group>";
		};
		562D6BE81E47D576005409EA /* Producto1 */ = {
			isa = PBXGroup;
			children = (
				562D6BED1E47E541005409EA /* Producto1ViewController.swift */,
				563F7AA01F8C02C700C87166 /* settingViewController.swift */,
			);
			name = Producto1;
			sourceTree = "<group>";
		};
/* End PBXGroup section */

/* Begin PBXNativeTarget section */
		562D6BA91E47C6AA005409EA /* galderma2017 */ = {
			isa = PBXNativeTarget;
			buildConfigurationList = 562D6BD51E47C6AA005409EA /* Build configuration list for PBXNativeTarget "galderma2017" */;
			buildPhases = (
				58F77E3E17E1A4CAA9EB454D /* [CP] Check Pods Manifest.lock */,
				562D6BA61E47C6AA005409EA /* Sources */,
				562D6BA71E47C6AA005409EA /* Frameworks */,
				562D6BA81E47C6AA005409EA /* Resources */,
				5E7249AE3422B7F303816766 /* [CP] Embed Pods Frameworks */,
				6C0419143AC6E74BAEB55C06 /* [CP] Copy Pods Resources */,
			);
			buildRules = (
			);
			dependencies = (
			);
			name = galderma2017;
			productName = galderma2017;
			productReference = 562D6BAA1E47C6AA005409EA /* galderma2017.app */;
			productType = "com.apple.product-type.application";
		};
		562D6BC01E47C6AA005409EA /* galderma2017Tests */ = {
			isa = PBXNativeTarget;
			buildConfigurationList = 562D6BD81E47C6AA005409EA /* Build configuration list for PBXNativeTarget "galderma2017Tests" */;
			buildPhases = (
				562D6BBD1E47C6AA005409EA /* Sources */,
				562D6BBE1E47C6AA005409EA /* Frameworks */,
				562D6BBF1E47C6AA005409EA /* Resources */,
			);
			buildRules = (
			);
			dependencies = (
				562D6BC31E47C6AA005409EA /* PBXTargetDependency */,
			);
			name = galderma2017Tests;
			productName = galderma2017Tests;
			productReference = 562D6BC11E47C6AA005409EA /* galderma2017Tests.xctest */;
			productType = "com.apple.product-type.bundle.unit-test";
		};
		562D6BCB1E47C6AA005409EA /* galderma2017UITests */ = {
			isa = PBXNativeTarget;
			buildConfigurationList = 562D6BDB1E47C6AA005409EA /* Build configuration list for PBXNativeTarget "galderma2017UITests" */;
			buildPhases = (
				562D6BC81E47C6AA005409EA /* Sources */,
				562D6BC91E47C6AA005409EA /* Frameworks */,
				562D6BCA1E47C6AA005409EA /* Resources */,
			);
			buildRules = (
			);
			dependencies = (
				562D6BCE1E47C6AA005409EA /* PBXTargetDependency */,
			);
			name = galderma2017UITests;
			productName = galderma2017UITests;
			productReference = 562D6BCC1E47C6AA005409EA /* galderma2017UITests.xctest */;
			productType = "com.apple.product-type.bundle.ui-testing";
		};
/* End PBXNativeTarget section */

/* Begin PBXProject section */
		562D6BA21E47C6A9005409EA /* Project object */ = {
			isa = PBXProject;
			attributes = {
				LastSwiftUpdateCheck = 0820;
				LastUpgradeCheck = 0900;
				ORGANIZATIONNAME = RentalApps;
				TargetAttributes = {
					562D6BA91E47C6AA005409EA = {
						CreatedOnToolsVersion = 8.2.1;
						DevelopmentTeam = 2Y7A6GRU4X;
						LastSwiftMigration = 0820;
						ProvisioningStyle = Automatic;
					};
					562D6BC01E47C6AA005409EA = {
						CreatedOnToolsVersion = 8.2.1;
						DevelopmentTeam = 9YRZ67W2T5;
						ProvisioningStyle = Automatic;
						TestTargetID = 562D6BA91E47C6AA005409EA;
					};
					562D6BCB1E47C6AA005409EA = {
						CreatedOnToolsVersion = 8.2.1;
						DevelopmentTeam = 9YRZ67W2T5;
						ProvisioningStyle = Automatic;
						TestTargetID = 562D6BA91E47C6AA005409EA;
					};
				};
			};
			buildConfigurationList = 562D6BA51E47C6AA005409EA /* Build configuration list for PBXProject "galderma2017" */;
			compatibilityVersion = "Xcode 3.2";
			developmentRegion = English;
			hasScannedForEncodings = 0;
			knownRegions = (
				en,
				Base,
			);
			mainGroup = 562D6BA11E47C6A9005409EA;
			productRefGroup = 562D6BAB1E47C6AA005409EA /* Products */;
			projectDirPath = "";
			projectRoot = "";
			targets = (
				562D6BA91E47C6AA005409EA /* galderma2017 */,
				562D6BC01E47C6AA005409EA /* galderma2017Tests */,
				562D6BCB1E47C6AA005409EA /* galderma2017UITests */,
			);
		};
/* End PBXProject section */

/* Begin PBXResourcesBuildPhase section */
		562D6BA81E47C6AA005409EA /* Resources */ = {
			isa = PBXResourcesBuildPhase;
			buildActionMask = 2147483647;
			files = (
				562D6BBB1E47C6AA005409EA /* LaunchScreen.storyboard in Resources */,
				562D6BB81E47C6AA005409EA /* Assets.xcassets in Resources */,
				562D6BDF1E47C6C6005409EA /* Podfile in Resources */,
				562D6BB31E47C6AA005409EA /* Main.storyboard in Resources */,
			);
			runOnlyForDeploymentPostprocessing = 0;
		};
		562D6BBF1E47C6AA005409EA /* Resources */ = {
			isa = PBXResourcesBuildPhase;
			buildActionMask = 2147483647;
			files = (
			);
			runOnlyForDeploymentPostprocessing = 0;
		};
		562D6BCA1E47C6AA005409EA /* Resources */ = {
			isa = PBXResourcesBuildPhase;
			buildActionMask = 2147483647;
			files = (
			);
			runOnlyForDeploymentPostprocessing = 0;
		};
/* End PBXResourcesBuildPhase section */

/* Begin PBXShellScriptBuildPhase section */
		58F77E3E17E1A4CAA9EB454D /* [CP] Check Pods Manifest.lock */ = {
			isa = PBXShellScriptBuildPhase;
			buildActionMask = 2147483647;
			files = (
			);
			inputPaths = (
				"${PODS_PODFILE_DIR_PATH}/Podfile.lock",
				"${PODS_ROOT}/Manifest.lock",
			);
			name = "[CP] Check Pods Manifest.lock";
			outputPaths = (
				"$(DERIVED_FILE_DIR)/Pods-galderma2017-checkManifestLockResult.txt",
			);
			runOnlyForDeploymentPostprocessing = 0;
			shellPath = /bin/sh;
			shellScript = "diff \"${PODS_PODFILE_DIR_PATH}/Podfile.lock\" \"${PODS_ROOT}/Manifest.lock\" > /dev/null\nif [ $? != 0 ] ; then\n    # print error to STDERR\n    echo \"error: The sandbox is not in sync with the Podfile.lock. Run 'pod install' or update your CocoaPods installation.\" >&2\n    exit 1\nfi\n# This output is used by Xcode 'outputs' to avoid re-running this script phase.\necho \"SUCCESS\" > \"${SCRIPT_OUTPUT_FILE_0}\"\n";
			showEnvVarsInLog = 0;
		};
		5E7249AE3422B7F303816766 /* [CP] Embed Pods Frameworks */ = {
			isa = PBXShellScriptBuildPhase;
			buildActionMask = 2147483647;
			files = (
			);
			inputPaths = (
				"${SRCROOT}/Pods/Target Support Files/Pods-galderma2017/Pods-galderma2017-frameworks.sh",
				"${BUILT_PRODUCTS_DIR}/FCAlertView/FCAlertView.framework",
				"${BUILT_PRODUCTS_DIR}/SQLite.swift/SQLite.framework",
			);
			name = "[CP] Embed Pods Frameworks";
			outputPaths = (
				"${TARGET_BUILD_DIR}/${FRAMEWORKS_FOLDER_PATH}/FCAlertView.framework",
				"${TARGET_BUILD_DIR}/${FRAMEWORKS_FOLDER_PATH}/SQLite.framework",
			);
			runOnlyForDeploymentPostprocessing = 0;
			shellPath = /bin/sh;
			shellScript = "\"${SRCROOT}/Pods/Target Support Files/Pods-galderma2017/Pods-galderma2017-frameworks.sh\"\n";
			showEnvVarsInLog = 0;
		};
		6C0419143AC6E74BAEB55C06 /* [CP] Copy Pods Resources */ = {
			isa = PBXShellScriptBuildPhase;
			buildActionMask = 2147483647;
			files = (
			);
			inputPaths = (
			);
			name = "[CP] Copy Pods Resources";
			outputPaths = (
			);
			runOnlyForDeploymentPostprocessing = 0;
			shellPath = /bin/sh;
			shellScript = "\"${SRCROOT}/Pods/Target Support Files/Pods-galderma2017/Pods-galderma2017-resources.sh\"\n";
			showEnvVarsInLog = 0;
		};
/* End PBXShellScriptBuildPhase section */

/* Begin PBXSourcesBuildPhase section */
		562D6BA61E47C6AA005409EA /* Sources */ = {
			isa = PBXSourcesBuildPhase;
			buildActionMask = 2147483647;
			files = (
				563F7AA71F8C045D00C87166 /* tresViewController.swift in Sources */,
				562D6BB61E47C6AA005409EA /* galderma2017.xcdatamodeld in Sources */,
				562D6BEE1E47E541005409EA /* Producto1ViewController.swift in Sources */,
				563F7AA31F8C044500C87166 /* unoViewController.swift in Sources */,
				562D6BE61E47D54A005409EA /* PrincipalViewController.swift in Sources */,
				563F7AA51F8C045300C87166 /* dosViewController.swift in Sources */,
				562D6BAE1E47C6AA005409EA /* AppDelegate.swift in Sources */,
				563F7AA91F8C046A00C87166 /* finalViewController.swift in Sources */,
				563F7AA11F8C02C700C87166 /* settingViewController.swift in Sources */,
				562D6BE41E47C720005409EA /* SWRevealViewController.m in Sources */,
			);
			runOnlyForDeploymentPostprocessing = 0;
		};
		562D6BBD1E47C6AA005409EA /* Sources */ = {
			isa = PBXSourcesBuildPhase;
			buildActionMask = 2147483647;
			files = (
				562D6BC61E47C6AA005409EA /* galderma2017Tests.swift in Sources */,
			);
			runOnlyForDeploymentPostprocessing = 0;
		};
		562D6BC81E47C6AA005409EA /* Sources */ = {
			isa = PBXSourcesBuildPhase;
			buildActionMask = 2147483647;
			files = (
				562D6BD11E47C6AA005409EA /* galderma2017UITests.swift in Sources */,
			);
			runOnlyForDeploymentPostprocessing = 0;
		};
/* End PBXSourcesBuildPhase section */

/* Begin PBXTargetDependency section */
		562D6BC31E47C6AA005409EA /* PBXTargetDependency */ = {
			isa = PBXTargetDependency;
			target = 562D6BA91E47C6AA005409EA /* galderma2017 */;
			targetProxy = 562D6BC21E47C6AA005409EA /* PBXContainerItemProxy */;
		};
		562D6BCE1E47C6AA005409EA /* PBXTargetDependency */ = {
			isa = PBXTargetDependency;
			target = 562D6BA91E47C6AA005409EA /* galderma2017 */;
			targetProxy = 562D6BCD1E47C6AA005409EA /* PBXContainerItemProxy */;
		};
/* End PBXTargetDependency section */

/* Begin PBXVariantGroup section */
		562D6BB11E47C6AA005409EA /* Main.storyboard */ = {
			isa = PBXVariantGroup;
			children = (
				562D6BB21E47C6AA005409EA /* Base */,
			);
			name = Main.storyboard;
			sourceTree = "<group>";
		};
		562D6BB91E47C6AA005409EA /* LaunchScreen.storyboard */ = {
			isa = PBXVariantGroup;
			children = (
				562D6BBA1E47C6AA005409EA /* Base */,
			);
			name = LaunchScreen.storyboard;
			sourceTree = "<group>";
		};
/* End PBXVariantGroup section */

/* Begin XCBuildConfiguration section */
		562D6BD31E47C6AA005409EA /* Debug */ = {
			isa = XCBuildConfiguration;
			buildSettings = {
				ALWAYS_SEARCH_USER_PATHS = NO;
				CLANG_ANALYZER_NONNULL = YES;
				CLANG_CXX_LANGUAGE_STANDARD = "gnu++0x";
				CLANG_CXX_LIBRARY = "libc++";
				CLANG_ENABLE_MODULES = YES;
				CLANG_ENABLE_OBJC_ARC = YES;
				CLANG_WARN_BLOCK_CAPTURE_AUTORELEASING = YES;
				CLANG_WARN_BOOL_CONVERSION = YES;
				CLANG_WARN_COMMA = YES;
				CLANG_WARN_CONSTANT_CONVERSION = YES;
				CLANG_WARN_DIRECT_OBJC_ISA_USAGE = YES_ERROR;
				CLANG_WARN_DOCUMENTATION_COMMENTS = YES;
				CLANG_WARN_EMPTY_BODY = YES;
				CLANG_WARN_ENUM_CONVERSION = YES;
				CLANG_WARN_INFINITE_RECURSION = YES;
				CLANG_WARN_INT_CONVERSION = YES;
				CLANG_WARN_NON_LITERAL_NULL_CONVERSION = YES;
				CLANG_WARN_OBJC_LITERAL_CONVERSION = YES;
				CLANG_WARN_OBJC_ROOT_CLASS = YES_ERROR;
				CLANG_WARN_RANGE_LOOP_ANALYSIS = YES;
				CLANG_WARN_STRICT_PROTOTYPES = YES;
				CLANG_WARN_SUSPICIOUS_MOVE = YES;
				CLANG_WARN_UNREACHABLE_CODE = YES;
				CLANG_WARN__DUPLICATE_METHOD_MATCH = YES;
				"CODE_SIGN_IDENTITY[sdk=iphoneos*]" = "iPhone Developer";
				COPY_PHASE_STRIP = NO;
				DEBUG_INFORMATION_FORMAT = dwarf;
				ENABLE_STRICT_OBJC_MSGSEND = YES;
				ENABLE_TESTABILITY = YES;
				GCC_C_LANGUAGE_STANDARD = gnu99;
				GCC_DYNAMIC_NO_PIC = NO;
				GCC_NO_COMMON_BLOCKS = YES;
				GCC_OPTIMIZATION_LEVEL = 0;
				GCC_PREPROCESSOR_DEFINITIONS = (
					"DEBUG=1",
					"$(inherited)",
				);
				GCC_WARN_64_TO_32_BIT_CONVERSION = YES;
				GCC_WARN_ABOUT_RETURN_TYPE = YES_ERROR;
				GCC_WARN_UNDECLARED_SELECTOR = YES;
				GCC_WARN_UNINITIALIZED_AUTOS = YES_AGGRESSIVE;
				GCC_WARN_UNUSED_FUNCTION = YES;
				GCC_WARN_UNUSED_VARIABLE = YES;
				IPHONEOS_DEPLOYMENT_TARGET = 10.0;
				MTL_ENABLE_DEBUG_INFO = YES;
				ONLY_ACTIVE_ARCH = YES;
				SDKROOT = iphoneos;
				SWIFT_ACTIVE_COMPILATION_CONDITIONS = DEBUG;
				SWIFT_OPTIMIZATION_LEVEL = "-Onone";
				TARGETED_DEVICE_FAMILY = 2;
			};
			name = Debug;
		};
		562D6BD41E47C6AA005409EA /* Release */ = {
			isa = XCBuildConfiguration;
			buildSettings = {
				ALWAYS_SEARCH_USER_PATHS = NO;
				CLANG_ANALYZER_NONNULL = YES;
				CLANG_CXX_LANGUAGE_STANDARD = "gnu++0x";
				CLANG_CXX_LIBRARY = "libc++";
				CLANG_ENABLE_MODULES = YES;
				CLANG_ENABLE_OBJC_ARC = YES;
				CLANG_WARN_BLOCK_CAPTURE_AUTORELEASING = YES;
				CLANG_WARN_BOOL_CONVERSION = YES;
				CLANG_WARN_COMMA = YES;
				CLANG_WARN_CONSTANT_CONVERSION = YES;
				CLANG_WARN_DIRECT_OBJC_ISA_USAGE = YES_ERROR;
				CLANG_WARN_DOCUMENTATION_COMMENTS = YES;
				CLANG_WARN_EMPTY_BODY = YES;
				CLANG_WARN_ENUM_CONVERSION = YES;
				CLANG_WARN_INFINITE_RECURSION = YES;
				CLANG_WARN_INT_CONVERSION = YES;
				CLANG_WARN_NON_LITERAL_NULL_CONVERSION = YES;
				CLANG_WARN_OBJC_LITERAL_CONVERSION = YES;
				CLANG_WARN_OBJC_ROOT_CLASS = YES_ERROR;
				CLANG_WARN_RANGE_LOOP_ANALYSIS = YES;
				CLANG_WARN_STRICT_PROTOTYPES = YES;
				CLANG_WARN_SUSPICIOUS_MOVE = YES;
				CLANG_WARN_UNREACHABLE_CODE = YES;
				CLANG_WARN__DUPLICATE_METHOD_MATCH = YES;
				"CODE_SIGN_IDENTITY[sdk=iphoneos*]" = "iPhone Developer";
				COPY_PHASE_STRIP = NO;
				DEBUG_INFORMATION_FORMAT = "dwarf-with-dsym";
				ENABLE_NS_ASSERTIONS = NO;
				ENABLE_STRICT_OBJC_MSGSEND = YES;
				GCC_C_LANGUAGE_STANDARD = gnu99;
				GCC_NO_COMMON_BLOCKS = YES;
				GCC_WARN_64_TO_32_BIT_CONVERSION = YES;
				GCC_WARN_ABOUT_RETURN_TYPE = YES_ERROR;
				GCC_WARN_UNDECLARED_SELECTOR = YES;
				GCC_WARN_UNINITIALIZED_AUTOS = YES_AGGRESSIVE;
				GCC_WARN_UNUSED_FUNCTION = YES;
				GCC_WARN_UNUSED_VARIABLE = YES;
				IPHONEOS_DEPLOYMENT_TARGET = 10.0;
				MTL_ENABLE_DEBUG_INFO = NO;
				SDKROOT = iphoneos;
				SWIFT_OPTIMIZATION_LEVEL = "-Owholemodule";
				TARGETED_DEVICE_FAMILY = 2;
				VALIDATE_PRODUCT = YES;
			};
			name = Release;
		};
		562D6BD61E47C6AA005409EA /* Debug */ = {
			isa = XCBuildConfiguration;
			baseConfigurationReference = B6D28BE51AB4210CA2CE1487 /* Pods-galderma2017.debug.xcconfig */;
			buildSettings = {
				ASSETCATALOG_COMPILER_APPICON_NAME = AppIconCu;
				CLANG_ENABLE_MODULES = YES;
				DEVELOPMENT_TEAM = 2Y7A6GRU4X;
				INFOPLIST_FILE = galderma2017/Info.plist;
				IPHONEOS_DEPLOYMENT_TARGET = 9.3;
				LD_RUNPATH_SEARCH_PATHS = "$(inherited) @executable_path/Frameworks";
				PRODUCT_BUNDLE_IDENTIFIER = concorSwiftSpring.com.RentalApps.trivia2;
				PRODUCT_NAME = "$(TARGET_NAME)";
				SWIFT_OBJC_BRIDGING_HEADER = "galderma2017/galderma2017-Bridging-Header.h";
				SWIFT_OPTIMIZATION_LEVEL = "-Onone";
				SWIFT_VERSION = 4.0;
			};
			name = Debug;
		};
		562D6BD71E47C6AA005409EA /* Release */ = {
			isa = XCBuildConfiguration;
			baseConfigurationReference = AB5A58270266E45F79D50CD2 /* Pods-galderma2017.release.xcconfig */;
			buildSettings = {
				ASSETCATALOG_COMPILER_APPICON_NAME = AppIconCu;
				CLANG_ENABLE_MODULES = YES;
				DEVELOPMENT_TEAM = 2Y7A6GRU4X;
				INFOPLIST_FILE = galderma2017/Info.plist;
				IPHONEOS_DEPLOYMENT_TARGET = 9.3;
				LD_RUNPATH_SEARCH_PATHS = "$(inherited) @executable_path/Frameworks";
				PRODUCT_BUNDLE_IDENTIFIER = concorSwiftSpring.com.RentalApps.trivia2;
				PRODUCT_NAME = "$(TARGET_NAME)";
				SWIFT_OBJC_BRIDGING_HEADER = "galderma2017/galderma2017-Bridging-Header.h";
				SWIFT_VERSION = 4.0;
			};
			name = Release;
		};
		562D6BD91E47C6AA005409EA /* Debug */ = {
			isa = XCBuildConfiguration;
			buildSettings = {
				ALWAYS_EMBED_SWIFT_STANDARD_LIBRARIES = YES;
				BUNDLE_LOADER = "$(TEST_HOST)";
				DEVELOPMENT_TEAM = 9YRZ67W2T5;
				INFOPLIST_FILE = galderma2017Tests/Info.plist;
				LD_RUNPATH_SEARCH_PATHS = "$(inherited) @executable_path/Frameworks @loader_path/Frameworks";
				PRODUCT_BUNDLE_IDENTIFIER = concorSwiftSpring.com.RentalApps.galderma2017Tests;
				PRODUCT_NAME = "$(TARGET_NAME)";
				SWIFT_VERSION = 3.0;
				TEST_HOST = "$(BUILT_PRODUCTS_DIR)/galderma2017.app/galderma2017";
			};
			name = Debug;
		};
		562D6BDA1E47C6AA005409EA /* Release */ = {
			isa = XCBuildConfiguration;
			buildSettings = {
				ALWAYS_EMBED_SWIFT_STANDARD_LIBRARIES = YES;
				BUNDLE_LOADER = "$(TEST_HOST)";
				DEVELOPMENT_TEAM = 9YRZ67W2T5;
				INFOPLIST_FILE = galderma2017Tests/Info.plist;
				LD_RUNPATH_SEARCH_PATHS = "$(inherited) @executable_path/Frameworks @loader_path/Frameworks";
				PRODUCT_BUNDLE_IDENTIFIER = concorSwiftSpring.com.RentalApps.galderma2017Tests;
				PRODUCT_NAME = "$(TARGET_NAME)";
				SWIFT_VERSION = 3.0;
				TEST_HOST = "$(BUILT_PRODUCTS_DIR)/galderma2017.app/galderma2017";
			};
			name = Release;
		};
		562D6BDC1E47C6AA005409EA /* Debug */ = {
			isa = XCBuildConfiguration;
			buildSettings = {
				ALWAYS_EMBED_SWIFT_STANDARD_LIBRARIES = YES;
				DEVELOPMENT_TEAM = 9YRZ67W2T5;
				INFOPLIST_FILE = galderma2017UITests/Info.plist;
				LD_RUNPATH_SEARCH_PATHS = "$(inherited) @executable_path/Frameworks @loader_path/Frameworks";
				PRODUCT_BUNDLE_IDENTIFIER = concorSwiftSpring.com.RentalApps.galderma2017UITests;
				PRODUCT_NAME = "$(TARGET_NAME)";
				SWIFT_VERSION = 3.0;
				TEST_TARGET_NAME = galderma2017;
			};
			name = Debug;
		};
		562D6BDD1E47C6AA005409EA /* Release */ = {
			isa = XCBuildConfiguration;
			buildSettings = {
				ALWAYS_EMBED_SWIFT_STANDARD_LIBRARIES = YES;
				DEVELOPMENT_TEAM = 9YRZ67W2T5;
				INFOPLIST_FILE = galderma2017UITests/Info.plist;
				LD_RUNPATH_SEARCH_PATHS = "$(inherited) @executable_path/Frameworks @loader_path/Frameworks";
				PRODUCT_BUNDLE_IDENTIFIER = concorSwiftSpring.com.RentalApps.galderma2017UITests;
				PRODUCT_NAME = "$(TARGET_NAME)";
				SWIFT_VERSION = 3.0;
				TEST_TARGET_NAME = galderma2017;
			};
			name = Release;
		};
/* End XCBuildConfiguration section */

/* Begin XCConfigurationList section */
		562D6BA51E47C6AA005409EA /* Build configuration list for PBXProject "galderma2017" */ = {
			isa = XCConfigurationList;
			buildConfigurations = (
				562D6BD31E47C6AA005409EA /* Debug */,
				562D6BD41E47C6AA005409EA /* Release */,
			);
			defaultConfigurationIsVisible = 0;
			defaultConfigurationName = Release;
		};
		562D6BD51E47C6AA005409EA /* Build configuration list for PBXNativeTarget "galderma2017" */ = {
			isa = XCConfigurationList;
			buildConfigurations = (
				562D6BD61E47C6AA005409EA /* Debug */,
				562D6BD71E47C6AA005409EA /* Release */,
			);
			defaultConfigurationIsVisible = 0;
			defaultConfigurationName = Release;
		};
		562D6BD81E47C6AA005409EA /* Build configuration list for PBXNativeTarget "galderma2017Tests" */ = {
			isa = XCConfigurationList;
			buildConfigurations = (
				562D6BD91E47C6AA005409EA /* Debug */,
				562D6BDA1E47C6AA005409EA /* Release */,
			);
			defaultConfigurationIsVisible = 0;
			defaultConfigurationName = Release;
		};
		562D6BDB1E47C6AA005409EA /* Build configuration list for PBXNativeTarget "galderma2017UITests" */ = {
			isa = XCConfigurationList;
			buildConfigurations = (
				562D6BDC1E47C6AA005409EA /* Debug */,
				562D6BDD1E47C6AA005409EA /* Release */,
			);
			defaultConfigurationIsVisible = 0;
			defaultConfigurationName = Release;
		};
/* End XCConfigurationList section */

/* Begin XCVersionGroup section */
		562D6BB41E47C6AA005409EA /* galderma2017.xcdatamodeld */ = {
			isa = XCVersionGroup;
			children = (
				562D6BB51E47C6AA005409EA /* galderma2017.xcdatamodel */,
			);
			currentVersion = 562D6BB51E47C6AA005409EA /* galderma2017.xcdatamodel */;
			path = galderma2017.xcdatamodeld;
			sourceTree = "<group>";
			versionGroupType = wrapper.xcdatamodel;
		};
/* End XCVersionGroup section */
	};
	rootObject = 562D6BA21E47C6A9005409EA /* Project object */;
}
